
Microsoft Visual Studio Solution File, Format Version 12.00
# Visual Studio Version 17
VisualStudioVersion = 17.2.32519.379
MinimumVisualStudioVersion = 10.0.40219.1
Project("{FAE04EC0-301F-11D3-BF4B-00C04F79EFBC}") = "Project03", "Project03\Project03.csproj", "{BDA72368-2A25-4B3E-BE9D-484BA58C2DCF}"
EndProject
Global
	GlobalSection(SolutionConfigurationPlatforms) = preSolution
		Debug|Any CPU = Debug|Any CPU
		Release|Any CPU = Release|Any CPU
	EndGlobalSection
	GlobalSection(ProjectConfigurationPlatforms) = postSolution
		{BDA72368-2A25-4B3E-BE9D-484BA58C2DCF}.Debug|Any CPU.ActiveCfg = Debug|Any CPU
		{BDA72368-2A25-4B3E-BE9D-484BA58C2DCF}.Debug|Any CPU.Build.0 = Debug|Any CPU
		{BDA72368-2A25-4B3E-BE9D-484BA58C2DCF}.Release|Any CPU.ActiveCfg = Release|Any CPU
		{BDA72368-2A25-4B3E-BE9D-484BA58C2DCF}.Release|Any CPU.Build.0 = Release|Any CPU
	EndGlobalSection
	GlobalSection(SolutionProperties) = preSolution
		HideSolutionNode = FALSE
	EndGlobalSection
	GlobalSection(ExtensibilityGlobals) = postSolution
		SolutionGuid = {C4F967E8-BCA2-4256-B36E-E4D56869000C}
	EndGlobalSection
EndGlobal
